// !$*UTF8*$!
{
	archiveVersion = 1;
	classes = {
	};
	objectVersion = 46;
	objects = {

/* Begin PBXBuildFile section */
		141F6FDE1771E9C000E10A59 /* Cocoa.framework in Frameworks */ = {isa = PBXBuildFile; fileRef = 141F6FDD1771E9C000E10A59 /* Cocoa.framework */; };
		141F6FE81771E9C000E10A59 /* InfoPlist.strings in Resources */ = {isa = PBXBuildFile; fileRef = 141F6FE61771E9C000E10A59 /* InfoPlist.strings */; };
		141F6FEA1771E9C000E10A59 /* main.m in Sources */ = {isa = PBXBuildFile; fileRef = 141F6FE91771E9C000E10A59 /* main.m */; };
		141F6FEE1771E9C000E10A59 /* Credits.rtf in Resources */ = {isa = PBXBuildFile; fileRef = 141F6FEC1771E9C000E10A59 /* Credits.rtf */; };
		141F6FF11771E9C000E10A59 /* MVAppDelegate.m in Sources */ = {isa = PBXBuildFile; fileRef = 141F6FF01771E9C000E10A59 /* MVAppDelegate.m */; };
		141F6FF41771E9C100E10A59 /* MainMenu.xib in Resources */ = {isa = PBXBuildFile; fileRef = 141F6FF21771E9C100E10A59 /* MainMenu.xib */; };
/* End PBXBuildFile section */

/* Begin PBXFileReference section */
		141F6FDA1771E9C000E10A59 /* MacViewerServer.app */ = {isa = PBXFileReference; explicitFileType = wrapper.application; includeInIndex = 0; path = MacViewerServer.app; sourceTree = BUILT_PRODUCTS_DIR; };
		141F6FDD1771E9C000E10A59 /* Cocoa.framework */ = {isa = PBXFileReference; lastKnownFileType = wrapper.framework; name = Cocoa.framework; path = System/Library/Frameworks/Cocoa.framework; sourceTree = SDKROOT; };
		141F6FE01771E9C000E10A59 /* AppKit.framework */ = {isa = PBXFileReference; lastKnownFileType = wrapper.framework; name = AppKit.framework; path = System/Library/Frameworks/AppKit.framework; sourceTree = SDKROOT; };
		141F6FE11771E9C000E10A59 /* CoreData.framework */ = {isa = PBXFileReference; lastKnownFileType = wrapper.framework; name = CoreData.framework; path = System/Library/Frameworks/CoreData.framework; sourceTree = SDKROOT; };
		141F6FE21771E9C000E10A59 /* Foundation.framework */ = {isa = PBXFileReference; lastKnownFileType = wrapper.framework; name = Foundation.framework; path = System/Library/Frameworks/Foundation.framework; sourceTree = SDKROOT; };
		141F6FE51771E9C000E10A59 /* MacViewerServer-Info.plist */ = {isa = PBXFileReference; lastKnownFileType = text.plist.xml; path = "MacViewerServer-Info.plist"; sourceTree = "<group>"; };
		141F6FE71771E9C000E10A59 /* en */ = {isa = PBXFileReference; lastKnownFileType = text.plist.strings; name = en; path = en.lproj/InfoPlist.strings; sourceTree = "<group>"; };
		141F6FE91771E9C000E10A59 /* main.m */ = {isa = PBXFileReference; lastKnownFileType = sourcecode.c.objc; path = main.m; sourceTree = "<group>"; };
		141F6FEB1771E9C000E10A59 /* MacViewerServer-Prefix.pch */ = {isa = PBXFileReference; lastKnownFileType = sourcecode.c.h; path = "MacViewerServer-Prefix.pch"; sourceTree = "<group>"; };
		141F6FED1771E9C000E10A59 /* en */ = {isa = PBXFileReference; lastKnownFileType = text.rtf; name = en; path = en.lproj/Credits.rtf; sourceTree = "<group>"; };
		141F6FEF1771E9C000E10A59 /* MVAppDelegate.h */ = {isa = PBXFileReference; lastKnownFileType = sourcecode.c.h; path = MVAppDelegate.h; sourceTree = "<group>"; };
		141F6FF01771E9C000E10A59 /* MVAppDelegate.m */ = {isa = PBXFileReference; lastKnownFileType = sourcecode.c.objc; path = MVAppDelegate.m; sourceTree = "<group>"; };
		141F6FF31771E9C100E10A59 /* en */ = {isa = PBXFileReference; lastKnownFileType = file.xib; name = en; path = en.lproj/MainMenu.xib; sourceTree = "<group>"; };
/* End PBXFileReference section */

/* Begin PBXFrameworksBuildPhase section */
		141F6FD71771E9C000E10A59 /* Frameworks */ = {
			isa = PBXFrameworksBuildPhase;
			buildActionMask = 2147483647;
			files = (
				141F6FDE1771E9C000E10A59 /* Cocoa.framework in Frameworks */,
			);
			runOnlyForDeploymentPostprocessing = 0;
		};
/* End PBXFrameworksBuildPhase section */

/* Begin PBXGroup section */
		141F6FD11771E9C000E10A59 = {
			isa = PBXGroup;
			children = (
				141F6FE31771E9C000E10A59 /* MacViewerServer */,
				141F6FDC1771E9C000E10A59 /* Frameworks */,
				141F6FDB1771E9C000E10A59 /* Products */,
			);
			sourceTree = "<group>";
		};
		141F6FDB1771E9C000E10A59 /* Products */ = {
			isa = PBXGroup;
			children = (
				141F6FDA1771E9C000E10A59 /* MacViewerServer.app */,
			);
			name = Products;
			sourceTree = "<group>";
		};
		141F6FDC1771E9C000E10A59 /* Frameworks */ = {
			isa = PBXGroup;
			children = (
				141F6FDD1771E9C000E10A59 /* Cocoa.framework */,
				141F6FDF1771E9C000E10A59 /* Other Frameworks */,
			);
			name = Frameworks;
			sourceTree = "<group>";
		};
		141F6FDF1771E9C000E10A59 /* Other Frameworks */ = {
			isa = PBXGroup;
			children = (
				141F6FE01771E9C000E10A59 /* AppKit.framework */,
				141F6FE11771E9C000E10A59 /* CoreData.framework */,
				141F6FE21771E9C000E10A59 /* Foundation.framework */,
			);
			name = "Other Frameworks";
			sourceTree = "<group>";
		};
		141F6FE31771E9C000E10A59 /* MacViewerServer */ = {
			isa = PBXGroup;
			children = (
				141F6FEF1771E9C000E10A59 /* MVAppDelegate.h */,
				141F6FF01771E9C000E10A59 /* MVAppDelegate.m */,
				141F6FF21771E9C100E10A59 /* MainMenu.xib */,
				141F6FE41771E9C000E10A59 /* Supporting Files */,
			);
			path = MacViewerServer;
			sourceTree = "<group>";
		};
		141F6FE41771E9C000E10A59 /* Supporting Files */ = {
			isa = PBXGroup;
			children = (
				141F6FE51771E9C000E10A59 /* MacViewerServer-Info.plist */,
				141F6FE61771E9C000E10A59 /* InfoPlist.strings */,
				141F6FE91771E9C000E10A59 /* main.m */,
				141F6FEB1771E9C000E10A59 /* MacViewerServer-Prefix.pch */,
				141F6FEC1771E9C000E10A59 /* Credits.rtf */,
			);
			name = "Supporting Files";
			sourceTree = "<group>";
		};
/* End PBXGroup section */

/* Begin PBXNativeTarget section */
		141F6FD91771E9C000E10A59 /* MacViewerServer */ = {
			isa = PBXNativeTarget;
			buildConfigurationList = 141F6FF71771E9C100E10A59 /* Build configuration list for PBXNativeTarget "MacViewerServer" */;
			buildPhases = (
				141F6FD61771E9C000E10A59 /* Sources */,
				141F6FD71771E9C000E10A59 /* Frameworks */,
				141F6FD81771E9C000E10A59 /* Resources */,
			);
			buildRules = (
			);
			dependencies = (
			);
			name = MacViewerServer;
			productName = MacViewerServer;
			productReference = 141F6FDA1771E9C000E10A59 /* MacViewerServer.app */;
			productType = "com.apple.product-type.application";
		};
/* End PBXNativeTarget section */

/* Begin PBXProject section */
		141F6FD21771E9C000E10A59 /* Project object */ = {
			isa = PBXProject;
			attributes = {
				CLASSPREFIX = MV;
				LastUpgradeCheck = 0460;
				ORGANIZATIONNAME = "Ashish Nigam";
			};
			buildConfigurationList = 141F6FD51771E9C000E10A59 /* Build configuration list for PBXProject "MacViewerServer" */;
			compatibilityVersion = "Xcode 3.2";
			developmentRegion = English;
			hasScannedForEncodings = 0;
			knownRegions = (
				en,
			);
			mainGroup = 141F6FD11771E9C000E10A59;
			productRefGroup = 141F6FDB1771E9C000E10A59 /* Products */;
			projectDirPath = "";
			projectRoot = "";
			targets = (
				141F6FD91771E9C000E10A59 /* MacViewerServer */,
			);
		};
/* End PBXProject section */

/* Begin PBXResourcesBuildPhase section */
		141F6FD81771E9C000E10A59 /* Resources */ = {
			isa = PBXResourcesBuildPhase;
			buildActionMask = 2147483647;
			files = (
				141F6FE81771E9C000E10A59 /* InfoPlist.strings in Resources */,
				141F6FEE1771E9C000E10A59 /* Credits.rtf in Resources */,
				141F6FF41771E9C100E10A59 /* MainMenu.xib in Resources */,
			);
			runOnlyForDeploymentPostprocessing = 0;
		};
/* End PBXResourcesBuildPhase section */

/* Begin PBXSourcesBuildPhase section */
		141F6FD61771E9C000E10A59 /* Sources */ = {
			isa = PBXSourcesBuildPhase;
			buildActionMask = 2147483647;
			files = (
				141F6FEA1771E9C000E10A59 /* main.m in Sources */,
				141F6FF11771E9C000E10A59 /* MVAppDelegate.m in Sources */,
			);
			runOnlyForDeploymentPostprocessing = 0;
		};
/* End PBXSourcesBuildPhase section */

/* Begin PBXVariantGroup section */
		141F6FE61771E9C000E10A59 /* InfoPlist.strings */ = {
			isa = PBXVariantGroup;
			children = (
				141F6FE71771E9C000E10A59 /* en */,
			);
			name = InfoPlist.strings;
			sourceTree = "<group>";
		};
		141F6FEC1771E9C000E10A59 /* Credits.rtf */ = {
			isa = PBXVariantGroup;
			children = (
				141F6FED1771E9C000E10A59 /* en */,
			);
			name = Credits.rtf;
			sourceTree = "<group>";
		};
		141F6FF21771E9C100E10A59 /* MainMenu.xib */ = {
			isa = PBXVariantGroup;
			children = (
				141F6FF31771E9C100E10A59 /* en */,
			);
			name = MainMenu.xib;
			sourceTree = "<group>";
		};
/* End PBXVariantGroup section */

/* Begin XCBuildConfiguration section */
		141F6FF51771E9C100E10A59 /* Debug */ = {
			isa = XCBuildConfiguration;
			buildSettings = {
				ALWAYS_SEARCH_USER_PATHS = NO;
				ARCHS = "$(ARCHS_STANDARD_64_BIT)";
				CLANG_CXX_LANGUAGE_STANDARD = "gnu++0x";
				CLANG_CXX_LIBRARY = "libc++";
				CLANG_WARN_CONSTANT_CONVERSION = YES;
				CLANG_WARN_EMPTY_BODY = YES;
				CLANG_WARN_ENUM_CONVERSION = YES;
				CLANG_WARN_INT_CONVERSION = YES;
				CLANG_WARN__DUPLICATE_METHOD_MATCH = YES;
				COPY_PHASE_STRIP = NO;
				GCC_C_LANGUAGE_STANDARD = gnu99;
				GCC_DYNAMIC_NO_PIC = NO;
				GCC_ENABLE_OBJC_EXCEPTIONS = YES;
				GCC_OPTIMIZATION_LEVEL = 0;
				GCC_PREPROCESSOR_DEFINITIONS = (
					"DEBUG=1",
					"$(inherited)",
				);
				GCC_SYMBOLS_PRIVATE_EXTERN = NO;
				GCC_WARN_64_TO_32_BIT_CONVERSION = YES;
				GCC_WARN_ABOUT_RETURN_TYPE = YES;
				GCC_WARN_UNINITIALIZED_AUTOS = YES;
				GCC_WARN_UNUSED_VARIABLE = YES;
				MACOSX_DEPLOYMENT_TARGET = 10.8;
				ONLY_ACTIVE_ARCH = YES;
				SDKROOT = macosx;
			};
			name = Debug;
		};
		141F6FF61771E9C100E10A59 /* Release */ = {
			isa = XCBuildConfiguration;
			buildSettings = {
				ALWAYS_SEARCH_USER_PATHS = NO;
				ARCHS = "$(ARCHS_STANDARD_64_BIT)";
				CLANG_CXX_LANGUAGE_STANDARD = "gnu++0x";
				CLANG_CXX_LIBRARY = "libc++";
				CLANG_WARN_CONSTANT_CONVERSION = YES;
				CLANG_WARN_EMPTY_BODY = YES;
				CLANG_WARN_ENUM_CONVERSION = YES;
				CLANG_WARN_INT_CONVERSION = YES;
				CLANG_WARN__DUPLICATE_METHOD_MATCH = YES;
				COPY_PHASE_STRIP = YES;
				DEBUG_INFORMATION_FORMAT = "dwarf-with-dsym";
				GCC_C_LANGUAGE_STANDARD = gnu99;
				GCC_ENABLE_OBJC_EXCEPTIONS = YES;
				GCC_WARN_64_TO_32_BIT_CONVERSION = YES;
				GCC_WARN_ABOUT_RETURN_TYPE = YES;
				GCC_WARN_UNINITIALIZED_AUTOS = YES;
				GCC_WARN_UNUSED_VARIABLE = YES;
				MACOSX_DEPLOYMENT_TARGET = 10.8;
				SDKROOT = macosx;
			};
			name = Release;
		};
		141F6FF81771E9C100E10A59 /* Debug */ = {
			isa = XCBuildConfiguration;
			buildSettings = {
				COMBINE_HIDPI_IMAGES = YES;
				GCC_PRECOMPILE_PREFIX_HEADER = YES;
				GCC_PREFIX_HEADER = "MacViewerServer/MacViewerServer-Prefix.pch";
				INFOPLIST_FILE = "MacViewerServer/MacViewerServer-Info.plist";
				PRODUCT_NAME = "$(TARGET_NAME)";
				WRAPPER_EXTENSION = app;
			};
			name = Debug;
		};
		141F6FF91771E9C100E10A59 /* Release */ = {
			isa = XCBuildConfiguration;
			buildSettings = {
				COMBINE_HIDPI_IMAGES = YES;
				GCC_PRECOMPILE_PREFIX_HEADER = YES;
				GCC_PREFIX_HEADER = "MacViewerServer/MacViewerServer-Prefix.pch";
				INFOPLIST_FILE = "MacViewerServer/MacViewerServer-Info.plist";
				PRODUCT_NAME = "$(TARGET_NAME)";
				WRAPPER_EXTENSION = app;
			};
			name = Release;
		};
/* End XCBuildConfiguration section */

/* Begin XCConfigurationList section */
		141F6FD51771E9C000E10A59 /* Build configuration list for PBXProject "MacViewerServer" */ = {
			isa = XCConfigurationList;
			buildConfigurations = (
				141F6FF51771E9C100E10A59 /* Debug */,
				141F6FF61771E9C100E10A59 /* Release */,
			);
			defaultConfigurationIsVisible = 0;
			defaultConfigurationName = Release;
		};
		141F6FF71771E9C100E10A59 /* Build configuration list for PBXNativeTarget "MacViewerServer" */ = {
			isa = XCConfigurationList;
			buildConfigurations = (
				141F6FF81771E9C100E10A59 /* Debug */,
				141F6FF91771E9C100E10A59 /* Release */,
			);
			defaultConfigurationIsVisible = 0;
		};
/* End XCConfigurationList section */
	};
	rootObject = 141F6FD21771E9C000E10A59 /* Project object */;
}
