// !$*UTF8*$!
{
	archiveVersion = 1;
	classes = {
	};
	objectVersion = 46;
	objects = {

/* Begin PBXBuildFile section */
		0346228417940D34001FB0FC /* MVHostStreamService.m in Sources */ = {isa = PBXBuildFile; fileRef = 0346228317940D34001FB0FC /* MVHostStreamService.m */; };
		141F70071771EA2300E10A59 /* UIKit.framework in Frameworks */ = {isa = PBXBuildFile; fileRef = 141F70061771EA2300E10A59 /* UIKit.framework */; };
		141F70091771EA2300E10A59 /* Foundation.framework in Frameworks */ = {isa = PBXBuildFile; fileRef = 141F70081771EA2300E10A59 /* Foundation.framework */; };
		141F700B1771EA2300E10A59 /* CoreGraphics.framework in Frameworks */ = {isa = PBXBuildFile; fileRef = 141F700A1771EA2300E10A59 /* CoreGraphics.framework */; };
		141F70111771EA2400E10A59 /* InfoPlist.strings in Resources */ = {isa = PBXBuildFile; fileRef = 141F700F1771EA2400E10A59 /* InfoPlist.strings */; };
		141F70131771EA2400E10A59 /* main.m in Sources */ = {isa = PBXBuildFile; fileRef = 141F70121771EA2400E10A59 /* main.m */; };
		141F70191771EA2400E10A59 /* Default.png in Resources */ = {isa = PBXBuildFile; fileRef = 141F70181771EA2400E10A59 /* Default.png */; };
		141F701B1771EA2400E10A59 /* Default@2x.png in Resources */ = {isa = PBXBuildFile; fileRef = 141F701A1771EA2400E10A59 /* Default@2x.png */; };
		141F701D1771EA2400E10A59 /* Default-568h@2x.png in Resources */ = {isa = PBXBuildFile; fileRef = 141F701C1771EA2400E10A59 /* Default-568h@2x.png */; };
		141F70261771EA2400E10A59 /* MVSystemDiscoveryViewController_iPhone.xib in Resources */ = {isa = PBXBuildFile; fileRef = 141F70241771EA2400E10A59 /* MVSystemDiscoveryViewController_iPhone.xib */; };
		141F70291771EA2400E10A59 /* MVSystemDiscoveryViewController_iPad.xib in Resources */ = {isa = PBXBuildFile; fileRef = 141F70271771EA2400E10A59 /* MVSystemDiscoveryViewController_iPad.xib */; };
		141F702C1771EA2400E10A59 /* MVSystemViewerViewController_iPhone.xib in Resources */ = {isa = PBXBuildFile; fileRef = 141F702A1771EA2400E10A59 /* MVSystemViewerViewController_iPhone.xib */; };
		141F702F1771EA2500E10A59 /* MVSystemViewerViewController_iPad.xib in Resources */ = {isa = PBXBuildFile; fileRef = 141F702D1771EA2500E10A59 /* MVSystemViewerViewController_iPad.xib */; };
		14E2198F177B26FE002217D7 /* MVSystemDiscoveryViewController.m in Sources */ = {isa = PBXBuildFile; fileRef = 14E2198C177B26FE002217D7 /* MVSystemDiscoveryViewController.m */; };
		14E21990177B26FE002217D7 /* MVSystemViewerViewController.m in Sources */ = {isa = PBXBuildFile; fileRef = 14E2198E177B26FE002217D7 /* MVSystemViewerViewController.m */; };
		14E219CF177B280E002217D7 /* MVAppDelegate.m in Sources */ = {isa = PBXBuildFile; fileRef = 14E219CE177B280E002217D7 /* MVAppDelegate.m */; };
		14E219DD177B28F3002217D7 /* MVSettingsViewController.m in Sources */ = {isa = PBXBuildFile; fileRef = 14E219DB177B28F3002217D7 /* MVSettingsViewController.m */; };
		14E219E0177B2918002217D7 /* MVSettingsViewController.xib in Resources */ = {isa = PBXBuildFile; fileRef = 14E219DF177B2918002217D7 /* MVSettingsViewController.xib */; };
		C1BD636B17925EFC00771E56 /* MVBonjourService.m in Sources */ = {isa = PBXBuildFile; fileRef = C1BD636A17925EFC00771E56 /* MVBonjourService.m */; };
/* End PBXBuildFile section */

/* Begin PBXFileReference section */
		0346228217940D34001FB0FC /* MVHostStreamService.h */ = {isa = PBXFileReference; fileEncoding = 4; lastKnownFileType = sourcecode.c.h; path = MVHostStreamService.h; sourceTree = "<group>"; };
		0346228317940D34001FB0FC /* MVHostStreamService.m */ = {isa = PBXFileReference; fileEncoding = 4; lastKnownFileType = sourcecode.c.objc; path = MVHostStreamService.m; sourceTree = "<group>"; };
		0346228B17941400001FB0FC /* MVEnum.h */ = {isa = PBXFileReference; lastKnownFileType = sourcecode.c.h; path = MVEnum.h; sourceTree = "<group>"; };
		141F70031771EA2300E10A59 /* MacViewerClient.app */ = {isa = PBXFileReference; explicitFileType = wrapper.application; includeInIndex = 0; path = MacViewerClient.app; sourceTree = BUILT_PRODUCTS_DIR; };
		141F70061771EA2300E10A59 /* UIKit.framework */ = {isa = PBXFileReference; lastKnownFileType = wrapper.framework; name = UIKit.framework; path = System/Library/Frameworks/UIKit.framework; sourceTree = SDKROOT; };
		141F70081771EA2300E10A59 /* Foundation.framework */ = {isa = PBXFileReference; lastKnownFileType = wrapper.framework; name = Foundation.framework; path = System/Library/Frameworks/Foundation.framework; sourceTree = SDKROOT; };
		141F700A1771EA2300E10A59 /* CoreGraphics.framework */ = {isa = PBXFileReference; lastKnownFileType = wrapper.framework; name = CoreGraphics.framework; path = System/Library/Frameworks/CoreGraphics.framework; sourceTree = SDKROOT; };
		141F700E1771EA2300E10A59 /* MacViewerClient-Info.plist */ = {isa = PBXFileReference; lastKnownFileType = text.plist.xml; path = "MacViewerClient-Info.plist"; sourceTree = "<group>"; };
		141F70101771EA2400E10A59 /* en */ = {isa = PBXFileReference; lastKnownFileType = text.plist.strings; name = en; path = en.lproj/InfoPlist.strings; sourceTree = "<group>"; };
		141F70121771EA2400E10A59 /* main.m */ = {isa = PBXFileReference; lastKnownFileType = sourcecode.c.objc; path = main.m; sourceTree = "<group>"; };
		141F70141771EA2400E10A59 /* MacViewerClient-Prefix.pch */ = {isa = PBXFileReference; lastKnownFileType = sourcecode.c.h; path = "MacViewerClient-Prefix.pch"; sourceTree = "<group>"; };
		141F70181771EA2400E10A59 /* Default.png */ = {isa = PBXFileReference; lastKnownFileType = image.png; path = Default.png; sourceTree = "<group>"; };
		141F701A1771EA2400E10A59 /* Default@2x.png */ = {isa = PBXFileReference; lastKnownFileType = image.png; path = "Default@2x.png"; sourceTree = "<group>"; };
		141F701C1771EA2400E10A59 /* Default-568h@2x.png */ = {isa = PBXFileReference; lastKnownFileType = image.png; path = "Default-568h@2x.png"; sourceTree = "<group>"; };
		141F70251771EA2400E10A59 /* en */ = {isa = PBXFileReference; lastKnownFileType = file.xib; name = en; path = en.lproj/MVSystemDiscoveryViewController_iPhone.xib; sourceTree = "<group>"; };
		141F70281771EA2400E10A59 /* en */ = {isa = PBXFileReference; lastKnownFileType = file.xib; name = en; path = en.lproj/MVSystemDiscoveryViewController_iPad.xib; sourceTree = "<group>"; };
		141F702B1771EA2400E10A59 /* en */ = {isa = PBXFileReference; lastKnownFileType = file.xib; name = en; path = en.lproj/MVSystemViewerViewController_iPhone.xib; sourceTree = "<group>"; };
		141F702E1771EA2500E10A59 /* en */ = {isa = PBXFileReference; lastKnownFileType = file.xib; name = en; path = en.lproj/MVSystemViewerViewController_iPad.xib; sourceTree = "<group>"; };
		14E2198B177B26FE002217D7 /* MVSystemDiscoveryViewController.h */ = {isa = PBXFileReference; fileEncoding = 4; lastKnownFileType = sourcecode.c.h; path = MVSystemDiscoveryViewController.h; sourceTree = "<group>"; };
		14E2198C177B26FE002217D7 /* MVSystemDiscoveryViewController.m */ = {isa = PBXFileReference; fileEncoding = 4; lastKnownFileType = sourcecode.c.objc; path = MVSystemDiscoveryViewController.m; sourceTree = "<group>"; };
		14E2198D177B26FE002217D7 /* MVSystemViewerViewController.h */ = {isa = PBXFileReference; fileEncoding = 4; lastKnownFileType = sourcecode.c.h; path = MVSystemViewerViewController.h; sourceTree = "<group>"; };
		14E2198E177B26FE002217D7 /* MVSystemViewerViewController.m */ = {isa = PBXFileReference; fileEncoding = 4; lastKnownFileType = sourcecode.c.objc; path = MVSystemViewerViewController.m; sourceTree = "<group>"; };
		14E219CD177B280E002217D7 /* MVAppDelegate.h */ = {isa = PBXFileReference; fileEncoding = 4; lastKnownFileType = sourcecode.c.h; path = MVAppDelegate.h; sourceTree = "<group>"; };
		14E219CE177B280E002217D7 /* MVAppDelegate.m */ = {isa = PBXFileReference; fileEncoding = 4; lastKnownFileType = sourcecode.c.objc; path = MVAppDelegate.m; sourceTree = "<group>"; };
		14E219DA177B28F3002217D7 /* MVSettingsViewController.h */ = {isa = PBXFileReference; fileEncoding = 4; lastKnownFileType = sourcecode.c.h; path = MVSettingsViewController.h; sourceTree = "<group>"; };
		14E219DB177B28F3002217D7 /* MVSettingsViewController.m */ = {isa = PBXFileReference; fileEncoding = 4; lastKnownFileType = sourcecode.c.objc; path = MVSettingsViewController.m; sourceTree = "<group>"; };
		14E219DF177B2918002217D7 /* MVSettingsViewController.xib */ = {isa = PBXFileReference; fileEncoding = 4; lastKnownFileType = file.xib; name = MVSettingsViewController.xib; path = Xibs/MVSettingsViewController.xib; sourceTree = "<group>"; };
		C13234011780975400AD0373 /* MVDefines.h */ = {isa = PBXFileReference; lastKnownFileType = sourcecode.c.h; path = MVDefines.h; sourceTree = "<group>"; };
		C1BD636917925EFC00771E56 /* MVBonjourService.h */ = {isa = PBXFileReference; fileEncoding = 4; lastKnownFileType = sourcecode.c.h; path = MVBonjourService.h; sourceTree = "<group>"; };
		C1BD636A17925EFC00771E56 /* MVBonjourService.m */ = {isa = PBXFileReference; fileEncoding = 4; lastKnownFileType = sourcecode.c.objc; path = MVBonjourService.m; sourceTree = "<group>"; };
/* End PBXFileReference section */

/* Begin PBXFrameworksBuildPhase section */
		141F70001771EA2300E10A59 /* Frameworks */ = {
			isa = PBXFrameworksBuildPhase;
			buildActionMask = 2147483647;
			files = (
				141F70071771EA2300E10A59 /* UIKit.framework in Frameworks */,
				141F70091771EA2300E10A59 /* Foundation.framework in Frameworks */,
				141F700B1771EA2300E10A59 /* CoreGraphics.framework in Frameworks */,
			);
			runOnlyForDeploymentPostprocessing = 0;
		};
/* End PBXFrameworksBuildPhase section */

/* Begin PBXGroup section */
		141F6FFA1771EA2300E10A59 = {
			isa = PBXGroup;
			children = (
				141F700C1771EA2300E10A59 /* MacViewerClient */,
				141F70051771EA2300E10A59 /* Frameworks */,
				141F70041771EA2300E10A59 /* Products */,
			);
			sourceTree = "<group>";
		};
		141F70041771EA2300E10A59 /* Products */ = {
			isa = PBXGroup;
			children = (
				141F70031771EA2300E10A59 /* MacViewerClient.app */,
			);
			name = Products;
			sourceTree = "<group>";
		};
		141F70051771EA2300E10A59 /* Frameworks */ = {
			isa = PBXGroup;
			children = (
				141F70061771EA2300E10A59 /* UIKit.framework */,
				141F70081771EA2300E10A59 /* Foundation.framework */,
				141F700A1771EA2300E10A59 /* CoreGraphics.framework */,
			);
			name = Frameworks;
			sourceTree = "<group>";
		};
		141F700C1771EA2300E10A59 /* MacViewerClient */ = {
			isa = PBXGroup;
			children = (
				14E2198A177B26FE002217D7 /* Classes */,
				14E219CC177B27DA002217D7 /* Xibs */,
				141F700D1771EA2300E10A59 /* Supporting Files */,
			);
			path = MacViewerClient;
			sourceTree = "<group>";
		};
		141F700D1771EA2300E10A59 /* Supporting Files */ = {
			isa = PBXGroup;
			children = (
				141F700E1771EA2300E10A59 /* MacViewerClient-Info.plist */,
				141F700F1771EA2400E10A59 /* InfoPlist.strings */,
				141F70121771EA2400E10A59 /* main.m */,
				141F70141771EA2400E10A59 /* MacViewerClient-Prefix.pch */,
				141F70181771EA2400E10A59 /* Default.png */,
				141F701A1771EA2400E10A59 /* Default@2x.png */,
				141F701C1771EA2400E10A59 /* Default-568h@2x.png */,
			);
			name = "Supporting Files";
			sourceTree = "<group>";
		};
		14E2198A177B26FE002217D7 /* Classes */ = {
			isa = PBXGroup;
			children = (
				C1BD636817925E8600771E56 /* MVNetworkService */,
				C13234001780973600AD0373 /* MVConstant */,
				14E219CD177B280E002217D7 /* MVAppDelegate.h */,
				14E219CE177B280E002217D7 /* MVAppDelegate.m */,
				14E2198B177B26FE002217D7 /* MVSystemDiscoveryViewController.h */,
				14E2198C177B26FE002217D7 /* MVSystemDiscoveryViewController.m */,
				14E2198D177B26FE002217D7 /* MVSystemViewerViewController.h */,
				14E2198E177B26FE002217D7 /* MVSystemViewerViewController.m */,
				14E219DA177B28F3002217D7 /* MVSettingsViewController.h */,
				14E219DB177B28F3002217D7 /* MVSettingsViewController.m */,
			);
			path = Classes;
			sourceTree = "<group>";
		};
		14E219CC177B27DA002217D7 /* Xibs */ = {
			isa = PBXGroup;
			children = (
				14E219DF177B2918002217D7 /* MVSettingsViewController.xib */,
				141F70241771EA2400E10A59 /* MVSystemDiscoveryViewController_iPhone.xib */,
				141F70271771EA2400E10A59 /* MVSystemDiscoveryViewController_iPad.xib */,
				141F702A1771EA2400E10A59 /* MVSystemViewerViewController_iPhone.xib */,
				141F702D1771EA2500E10A59 /* MVSystemViewerViewController_iPad.xib */,
			);
			name = Xibs;
			sourceTree = "<group>";
		};
		C13234001780973600AD0373 /* MVConstant */ = {
			isa = PBXGroup;
			children = (
				C13234011780975400AD0373 /* MVDefines.h */,
				0346228B17941400001FB0FC /* MVEnum.h */,
			);
			path = MVConstant;
			sourceTree = "<group>";
		};
		C1BD636817925E8600771E56 /* MVNetworkService */ = {
			isa = PBXGroup;
			children = (
				C1BD636917925EFC00771E56 /* MVBonjourService.h */,
				C1BD636A17925EFC00771E56 /* MVBonjourService.m */,
				0346228217940D34001FB0FC /* MVHostStreamService.h */,
				0346228317940D34001FB0FC /* MVHostStreamService.m */,
			);
			path = MVNetworkService;
			sourceTree = "<group>";
		};
/* End PBXGroup section */

/* Begin PBXNativeTarget section */
		141F70021771EA2300E10A59 /* MacViewerClient */ = {
			isa = PBXNativeTarget;
			buildConfigurationList = 141F70321771EA2500E10A59 /* Build configuration list for PBXNativeTarget "MacViewerClient" */;
			buildPhases = (
				141F6FFF1771EA2300E10A59 /* Sources */,
				141F70001771EA2300E10A59 /* Frameworks */,
				141F70011771EA2300E10A59 /* Resources */,
			);
			buildRules = (
			);
			dependencies = (
			);
			name = MacViewerClient;
			productName = MacViewerClient;
			productReference = 141F70031771EA2300E10A59 /* MacViewerClient.app */;
			productType = "com.apple.product-type.application";
		};
/* End PBXNativeTarget section */

/* Begin PBXProject section */
		141F6FFB1771EA2300E10A59 /* Project object */ = {
			isa = PBXProject;
			attributes = {
				CLASSPREFIX = MV;
				LastUpgradeCheck = 0460;
				ORGANIZATIONNAME = "Ashish Nigam";
			};
			buildConfigurationList = 141F6FFE1771EA2300E10A59 /* Build configuration list for PBXProject "MacViewerClient" */;
			compatibilityVersion = "Xcode 3.2";
			developmentRegion = English;
			hasScannedForEncodings = 0;
			knownRegions = (
				en,
			);
			mainGroup = 141F6FFA1771EA2300E10A59;
			productRefGroup = 141F70041771EA2300E10A59 /* Products */;
			projectDirPath = "";
			projectRoot = "";
			targets = (
				141F70021771EA2300E10A59 /* MacViewerClient */,
			);
		};
/* End PBXProject section */

/* Begin PBXResourcesBuildPhase section */
		141F70011771EA2300E10A59 /* Resources */ = {
			isa = PBXResourcesBuildPhase;
			buildActionMask = 2147483647;
			files = (
				141F70111771EA2400E10A59 /* InfoPlist.strings in Resources */,
				141F70191771EA2400E10A59 /* Default.png in Resources */,
				141F701B1771EA2400E10A59 /* Default@2x.png in Resources */,
				141F701D1771EA2400E10A59 /* Default-568h@2x.png in Resources */,
				141F70261771EA2400E10A59 /* MVSystemDiscoveryViewController_iPhone.xib in Resources */,
				141F70291771EA2400E10A59 /* MVSystemDiscoveryViewController_iPad.xib in Resources */,
				141F702C1771EA2400E10A59 /* MVSystemViewerViewController_iPhone.xib in Resources */,
				141F702F1771EA2500E10A59 /* MVSystemViewerViewController_iPad.xib in Resources */,
				14E219E0177B2918002217D7 /* MVSettingsViewController.xib in Resources */,
			);
			runOnlyForDeploymentPostprocessing = 0;
		};
/* End PBXResourcesBuildPhase section */

/* Begin PBXSourcesBuildPhase section */
		141F6FFF1771EA2300E10A59 /* Sources */ = {
			isa = PBXSourcesBuildPhase;
			buildActionMask = 2147483647;
			files = (
				141F70131771EA2400E10A59 /* main.m in Sources */,
				14E2198F177B26FE002217D7 /* MVSystemDiscoveryViewController.m in Sources */,
				14E21990177B26FE002217D7 /* MVSystemViewerViewController.m in Sources */,
				14E219CF177B280E002217D7 /* MVAppDelegate.m in Sources */,
				14E219DD177B28F3002217D7 /* MVSettingsViewController.m in Sources */,
				C1BD636B17925EFC00771E56 /* MVBonjourService.m in Sources */,
				0346228417940D34001FB0FC /* MVHostStreamService.m in Sources */,
			);
			runOnlyForDeploymentPostprocessing = 0;
		};
/* End PBXSourcesBuildPhase section */

/* Begin PBXVariantGroup section */
		141F700F1771EA2400E10A59 /* InfoPlist.strings */ = {
			isa = PBXVariantGroup;
			children = (
				141F70101771EA2400E10A59 /* en */,
			);
			name = InfoPlist.strings;
			sourceTree = "<group>";
		};
		141F70241771EA2400E10A59 /* MVSystemDiscoveryViewController_iPhone.xib */ = {
			isa = PBXVariantGroup;
			children = (
				141F70251771EA2400E10A59 /* en */,
			);
			name = MVSystemDiscoveryViewController_iPhone.xib;
			sourceTree = "<group>";
		};
		141F70271771EA2400E10A59 /* MVSystemDiscoveryViewController_iPad.xib */ = {
			isa = PBXVariantGroup;
			children = (
				141F70281771EA2400E10A59 /* en */,
			);
			name = MVSystemDiscoveryViewController_iPad.xib;
			sourceTree = "<group>";
		};
		141F702A1771EA2400E10A59 /* MVSystemViewerViewController_iPhone.xib */ = {
			isa = PBXVariantGroup;
			children = (
				141F702B1771EA2400E10A59 /* en */,
			);
			name = MVSystemViewerViewController_iPhone.xib;
			sourceTree = "<group>";
		};
		141F702D1771EA2500E10A59 /* MVSystemViewerViewController_iPad.xib */ = {
			isa = PBXVariantGroup;
			children = (
				141F702E1771EA2500E10A59 /* en */,
			);
			name = MVSystemViewerViewController_iPad.xib;
			sourceTree = "<group>";
		};
/* End PBXVariantGroup section */

/* Begin XCBuildConfiguration section */
		141F70301771EA2500E10A59 /* Debug */ = {
			isa = XCBuildConfiguration;
			buildSettings = {
				ALWAYS_SEARCH_USER_PATHS = NO;
				CLANG_CXX_LANGUAGE_STANDARD = "gnu++0x";
				CLANG_CXX_LIBRARY = "libc++";
				CLANG_WARN_CONSTANT_CONVERSION = YES;
				CLANG_WARN_EMPTY_BODY = YES;
				CLANG_WARN_ENUM_CONVERSION = YES;
				CLANG_WARN_INT_CONVERSION = YES;
				CLANG_WARN__DUPLICATE_METHOD_MATCH = YES;
				"CODE_SIGN_IDENTITY[sdk=iphoneos*]" = "iPhone Developer";
				COPY_PHASE_STRIP = NO;
				GCC_C_LANGUAGE_STANDARD = gnu99;
				GCC_DYNAMIC_NO_PIC = NO;
				GCC_OPTIMIZATION_LEVEL = 0;
				GCC_PREPROCESSOR_DEFINITIONS = (
					"DEBUG=1",
					"$(inherited)",
				);
				GCC_SYMBOLS_PRIVATE_EXTERN = NO;
				GCC_WARN_ABOUT_RETURN_TYPE = YES;
				GCC_WARN_UNINITIALIZED_AUTOS = YES;
				GCC_WARN_UNUSED_VARIABLE = YES;
				IPHONEOS_DEPLOYMENT_TARGET = 6.1;
				ONLY_ACTIVE_ARCH = YES;
				SDKROOT = iphoneos;
				TARGETED_DEVICE_FAMILY = "1,2";
			};
			name = Debug;
		};
		141F70311771EA2500E10A59 /* Release */ = {
			isa = XCBuildConfiguration;
			buildSettings = {
				ALWAYS_SEARCH_USER_PATHS = NO;
				CLANG_CXX_LANGUAGE_STANDARD = "gnu++0x";
				CLANG_CXX_LIBRARY = "libc++";
				CLANG_WARN_CONSTANT_CONVERSION = YES;
				CLANG_WARN_EMPTY_BODY = YES;
				CLANG_WARN_ENUM_CONVERSION = YES;
				CLANG_WARN_INT_CONVERSION = YES;
				CLANG_WARN__DUPLICATE_METHOD_MATCH = YES;
				"CODE_SIGN_IDENTITY[sdk=iphoneos*]" = "iPhone Developer";
				COPY_PHASE_STRIP = YES;
				GCC_C_LANGUAGE_STANDARD = gnu99;
				GCC_WARN_ABOUT_RETURN_TYPE = YES;
				GCC_WARN_UNINITIALIZED_AUTOS = YES;
				GCC_WARN_UNUSED_VARIABLE = YES;
				IPHONEOS_DEPLOYMENT_TARGET = 6.1;
				OTHER_CFLAGS = "-DNS_BLOCK_ASSERTIONS=1";
				SDKROOT = iphoneos;
				TARGETED_DEVICE_FAMILY = "1,2";
				VALIDATE_PRODUCT = YES;
			};
			name = Release;
		};
		141F70331771EA2500E10A59 /* Debug */ = {
			isa = XCBuildConfiguration;
			buildSettings = {
				GCC_PRECOMPILE_PREFIX_HEADER = YES;
				GCC_PREFIX_HEADER = "MacViewerClient/MacViewerClient-Prefix.pch";
				INFOPLIST_FILE = "MacViewerClient/MacViewerClient-Info.plist";
				IPHONEOS_DEPLOYMENT_TARGET = 5.0;
				PRODUCT_NAME = "$(TARGET_NAME)";
				WRAPPER_EXTENSION = app;
			};
			name = Debug;
		};
		141F70341771EA2500E10A59 /* Release */ = {
			isa = XCBuildConfiguration;
			buildSettings = {
				GCC_PRECOMPILE_PREFIX_HEADER = YES;
				GCC_PREFIX_HEADER = "MacViewerClient/MacViewerClient-Prefix.pch";
				INFOPLIST_FILE = "MacViewerClient/MacViewerClient-Info.plist";
				IPHONEOS_DEPLOYMENT_TARGET = 5.0;
				PRODUCT_NAME = "$(TARGET_NAME)";
				WRAPPER_EXTENSION = app;
			};
			name = Release;
		};
/* End XCBuildConfiguration section */

/* Begin XCConfigurationList section */
		141F6FFE1771EA2300E10A59 /* Build configuration list for PBXProject "MacViewerClient" */ = {
			isa = XCConfigurationList;
			buildConfigurations = (
				141F70301771EA2500E10A59 /* Debug */,
				141F70311771EA2500E10A59 /* Release */,
			);
			defaultConfigurationIsVisible = 0;
			defaultConfigurationName = Release;
		};
		141F70321771EA2500E10A59 /* Build configuration list for PBXNativeTarget "MacViewerClient" */ = {
			isa = XCConfigurationList;
			buildConfigurations = (
				141F70331771EA2500E10A59 /* Debug */,
				141F70341771EA2500E10A59 /* Release */,
			);
			defaultConfigurationIsVisible = 0;
			defaultConfigurationName = Release;
		};
/* End XCConfigurationList section */
	};
	rootObject = 141F6FFB1771EA2300E10A59 /* Project object */;
}
